
Microsoft Visual Studio Solution File, Format Version 12.00
# Visual Studio 14
VisualStudioVersion = 14.0.25123.0
MinimumVisualStudioVersion = 10.0.40219.1
Project("{FAE04EC0-301F-11D3-BF4B-00C04F79EFBC}") = "AirportConsole", "AirportConsole\AirportConsole.csproj", "{775FB662-7012-4261-B415-04F04D57DABC}"
EndProject
Global
	GlobalSection(SolutionConfigurationPlatforms) = preSolution
		Debug|Any CPU = Debug|Any CPU
		Release|Any CPU = Release|Any CPU
	EndGlobalSection
	GlobalSection(ProjectConfigurationPlatforms) = postSolution
		{775FB662-7012-4261-B415-04F04D57DABC}.Debug|Any CPU.ActiveCfg = Debug|Any CPU
		{775FB662-7012-4261-B415-04F04D57DABC}.Debug|Any CPU.Build.0 = Debug|Any CPU
		{775FB662-7012-4261-B415-04F04D57DABC}.Release|Any CPU.ActiveCfg = Release|Any CPU
		{775FB662-7012-4261-B415-04F04D57DABC}.Release|Any CPU.Build.0 = Release|Any CPU
	EndGlobalSection
	GlobalSection(SolutionProperties) = preSolution
		HideSolutionNode = FALSE
	EndGlobalSection
EndGlobal
