
Microsoft Visual Studio Solution File, Format Version 12.00
# Visual Studio 14
VisualStudioVersion = 14.0.25123.0
MinimumVisualStudioVersion = 10.0.40219.1
Project("{FAE04EC0-301F-11D3-BF4B-00C04F79EFBC}") = "AirportConsole", "AirportConsole\AirportConsole.csproj", "{775FB662-7012-4261-B415-04F04D57DABC}"
EndProject
Project("{FAE04EC0-301F-11D3-BF4B-00C04F79EFBC}") = "AirLine", "AirLine\AirLine.csproj", "{C1DF30D1-6C47-4EB0-9355-D111960EEEFC}"
EndProject
Project("{FAE04EC0-301F-11D3-BF4B-00C04F79EFBC}") = "MVPAirLine", "MVPAirLine\MVPAirLine.csproj", "{ED8849E7-44DC-4318-8F4D-D283519C9719}"
EndProject
Global
	GlobalSection(SolutionConfigurationPlatforms) = preSolution
		Debug|Any CPU = Debug|Any CPU
		Release|Any CPU = Release|Any CPU
	EndGlobalSection
	GlobalSection(ProjectConfigurationPlatforms) = postSolution
		{775FB662-7012-4261-B415-04F04D57DABC}.Debug|Any CPU.ActiveCfg = Debug|Any CPU
		{775FB662-7012-4261-B415-04F04D57DABC}.Debug|Any CPU.Build.0 = Debug|Any CPU
		{775FB662-7012-4261-B415-04F04D57DABC}.Release|Any CPU.ActiveCfg = Release|Any CPU
		{775FB662-7012-4261-B415-04F04D57DABC}.Release|Any CPU.Build.0 = Release|Any CPU
		{C1DF30D1-6C47-4EB0-9355-D111960EEEFC}.Debug|Any CPU.ActiveCfg = Debug|Any CPU
		{C1DF30D1-6C47-4EB0-9355-D111960EEEFC}.Debug|Any CPU.Build.0 = Debug|Any CPU
		{C1DF30D1-6C47-4EB0-9355-D111960EEEFC}.Release|Any CPU.ActiveCfg = Release|Any CPU
		{C1DF30D1-6C47-4EB0-9355-D111960EEEFC}.Release|Any CPU.Build.0 = Release|Any CPU
		{ED8849E7-44DC-4318-8F4D-D283519C9719}.Debug|Any CPU.ActiveCfg = Debug|Any CPU
		{ED8849E7-44DC-4318-8F4D-D283519C9719}.Debug|Any CPU.Build.0 = Debug|Any CPU
		{ED8849E7-44DC-4318-8F4D-D283519C9719}.Release|Any CPU.ActiveCfg = Release|Any CPU
		{ED8849E7-44DC-4318-8F4D-D283519C9719}.Release|Any CPU.Build.0 = Release|Any CPU
	EndGlobalSection
	GlobalSection(SolutionProperties) = preSolution
		HideSolutionNode = FALSE
	EndGlobalSection
EndGlobal
